// !$*UTF8*$!
{
	archiveVersion = 1;
	classes = {
	};
	objectVersion = 50;
	objects = {

/* Begin PBXBuildFile section */
		0DD4CF6A3EAAF5F95F6888F1 /* Pods_WorkFlow.framework in Frameworks */ = {isa = PBXBuildFile; fileRef = E71305CC22090A5B3EB26226 /* Pods_WorkFlow.framework */; };
		17071C2039025240D4035624 /* Pods_WorkFlowTests.framework in Frameworks */ = {isa = PBXBuildFile; fileRef = 2E6A85F41BF9CEA22DB51340 /* Pods_WorkFlowTests.framework */; };
		B8704DE9224F0D2300120F8E /* AppDelegate.swift in Sources */ = {isa = PBXBuildFile; fileRef = B8704DE8224F0D2300120F8E /* AppDelegate.swift */; };
		B8704DEB224F0D2300120F8E /* ViewController.swift in Sources */ = {isa = PBXBuildFile; fileRef = B8704DEA224F0D2300120F8E /* ViewController.swift */; };
		B8704DEE224F0D2300120F8E /* Main.storyboard in Resources */ = {isa = PBXBuildFile; fileRef = B8704DEC224F0D2300120F8E /* Main.storyboard */; };
		B8704DF0224F0D2400120F8E /* Assets.xcassets in Resources */ = {isa = PBXBuildFile; fileRef = B8704DEF224F0D2400120F8E /* Assets.xcassets */; };
		B8704DF3224F0D2400120F8E /* LaunchScreen.storyboard in Resources */ = {isa = PBXBuildFile; fileRef = B8704DF1224F0D2400120F8E /* LaunchScreen.storyboard */; };
		B8704DFE224F0D2400120F8E /* WorkFlowTests.swift in Sources */ = {isa = PBXBuildFile; fileRef = B8704DFD224F0D2400120F8E /* WorkFlowTests.swift */; };
/* End PBXBuildFile section */

/* Begin PBXContainerItemProxy section */
		B8704DFA224F0D2400120F8E /* PBXContainerItemProxy */ = {
			isa = PBXContainerItemProxy;
			containerPortal = B8704DDD224F0D2300120F8E /* Project object */;
			proxyType = 1;
			remoteGlobalIDString = B8704DE4224F0D2300120F8E;
			remoteInfo = WorkFlow;
		};
/* End PBXContainerItemProxy section */

/* Begin PBXFileReference section */
		056EC21AFC3DF7B6ABC4DAA6 /* Pods-WorkFlow.release.xcconfig */ = {isa = PBXFileReference; includeInIndex = 1; lastKnownFileType = text.xcconfig; name = "Pods-WorkFlow.release.xcconfig"; path = "Target Support Files/Pods-WorkFlow/Pods-WorkFlow.release.xcconfig"; sourceTree = "<group>"; };
		13423F36C304D0242F57688F /* Pods-WorkFlowTests.debug.xcconfig */ = {isa = PBXFileReference; includeInIndex = 1; lastKnownFileType = text.xcconfig; name = "Pods-WorkFlowTests.debug.xcconfig"; path = "Target Support Files/Pods-WorkFlowTests/Pods-WorkFlowTests.debug.xcconfig"; sourceTree = "<group>"; };
		157E903F0870625C6C95B2BA /* Pods-WorkFlowTests.release.xcconfig */ = {isa = PBXFileReference; includeInIndex = 1; lastKnownFileType = text.xcconfig; name = "Pods-WorkFlowTests.release.xcconfig"; path = "Target Support Files/Pods-WorkFlowTests/Pods-WorkFlowTests.release.xcconfig"; sourceTree = "<group>"; };
		2E6A85F41BF9CEA22DB51340 /* Pods_WorkFlowTests.framework */ = {isa = PBXFileReference; explicitFileType = wrapper.framework; includeInIndex = 0; path = Pods_WorkFlowTests.framework; sourceTree = BUILT_PRODUCTS_DIR; };
		B8704DE5224F0D2300120F8E /* WorkFlow.app */ = {isa = PBXFileReference; explicitFileType = wrapper.application; includeInIndex = 0; path = WorkFlow.app; sourceTree = BUILT_PRODUCTS_DIR; };
		B8704DE8224F0D2300120F8E /* AppDelegate.swift */ = {isa = PBXFileReference; lastKnownFileType = sourcecode.swift; path = AppDelegate.swift; sourceTree = "<group>"; };
		B8704DEA224F0D2300120F8E /* ViewController.swift */ = {isa = PBXFileReference; lastKnownFileType = sourcecode.swift; path = ViewController.swift; sourceTree = "<group>"; };
		B8704DED224F0D2300120F8E /* Base */ = {isa = PBXFileReference; lastKnownFileType = file.storyboard; name = Base; path = Base.lproj/Main.storyboard; sourceTree = "<group>"; };
		B8704DEF224F0D2400120F8E /* Assets.xcassets */ = {isa = PBXFileReference; lastKnownFileType = folder.assetcatalog; path = Assets.xcassets; sourceTree = "<group>"; };
		B8704DF2224F0D2400120F8E /* Base */ = {isa = PBXFileReference; lastKnownFileType = file.storyboard; name = Base; path = Base.lproj/LaunchScreen.storyboard; sourceTree = "<group>"; };
		B8704DF4224F0D2400120F8E /* Info.plist */ = {isa = PBXFileReference; lastKnownFileType = text.plist.xml; path = Info.plist; sourceTree = "<group>"; };
		B8704DF9224F0D2400120F8E /* WorkFlowTests.xctest */ = {isa = PBXFileReference; explicitFileType = wrapper.cfbundle; includeInIndex = 0; path = WorkFlowTests.xctest; sourceTree = BUILT_PRODUCTS_DIR; };
		B8704DFD224F0D2400120F8E /* WorkFlowTests.swift */ = {isa = PBXFileReference; lastKnownFileType = sourcecode.swift; path = WorkFlowTests.swift; sourceTree = "<group>"; };
		B8704DFF224F0D2400120F8E /* Info.plist */ = {isa = PBXFileReference; lastKnownFileType = text.plist.xml; path = Info.plist; sourceTree = "<group>"; };
		E71305CC22090A5B3EB26226 /* Pods_WorkFlow.framework */ = {isa = PBXFileReference; explicitFileType = wrapper.framework; includeInIndex = 0; path = Pods_WorkFlow.framework; sourceTree = BUILT_PRODUCTS_DIR; };
		F61759E38B679B79304864DD /* Pods-WorkFlow.debug.xcconfig */ = {isa = PBXFileReference; includeInIndex = 1; lastKnownFileType = text.xcconfig; name = "Pods-WorkFlow.debug.xcconfig"; path = "Target Support Files/Pods-WorkFlow/Pods-WorkFlow.debug.xcconfig"; sourceTree = "<group>"; };
/* End PBXFileReference section */

/* Begin PBXFrameworksBuildPhase section */
		B8704DE2224F0D2300120F8E /* Frameworks */ = {
			isa = PBXFrameworksBuildPhase;
			buildActionMask = 2147483647;
			files = (
				0DD4CF6A3EAAF5F95F6888F1 /* Pods_WorkFlow.framework in Frameworks */,
			);
			runOnlyForDeploymentPostprocessing = 0;
		};
		B8704DF6224F0D2400120F8E /* Frameworks */ = {
			isa = PBXFrameworksBuildPhase;
			buildActionMask = 2147483647;
			files = (
				17071C2039025240D4035624 /* Pods_WorkFlowTests.framework in Frameworks */,
			);
			runOnlyForDeploymentPostprocessing = 0;
		};
/* End PBXFrameworksBuildPhase section */

/* Begin PBXGroup section */
		B8704DDC224F0D2300120F8E = {
			isa = PBXGroup;
			children = (
				B8704DE7224F0D2300120F8E /* WorkFlow */,
				B8704DFC224F0D2400120F8E /* WorkFlowTests */,
				B8704DE6224F0D2300120F8E /* Products */,
				E55702769BA565ABB99CCFEE /* Pods */,
				C8339A1C94E7E5404DE61FF8 /* Frameworks */,
			);
			sourceTree = "<group>";
		};
		B8704DE6224F0D2300120F8E /* Products */ = {
			isa = PBXGroup;
			children = (
				B8704DE5224F0D2300120F8E /* WorkFlow.app */,
				B8704DF9224F0D2400120F8E /* WorkFlowTests.xctest */,
			);
			name = Products;
			sourceTree = "<group>";
		};
		B8704DE7224F0D2300120F8E /* WorkFlow */ = {
			isa = PBXGroup;
			children = (
				B8704DE8224F0D2300120F8E /* AppDelegate.swift */,
				B8704DEA224F0D2300120F8E /* ViewController.swift */,
				B8704DEC224F0D2300120F8E /* Main.storyboard */,
				B8704DEF224F0D2400120F8E /* Assets.xcassets */,
				B8704DF1224F0D2400120F8E /* LaunchScreen.storyboard */,
				B8704DF4224F0D2400120F8E /* Info.plist */,
			);
			path = WorkFlow;
			sourceTree = "<group>";
		};
		B8704DFC224F0D2400120F8E /* WorkFlowTests */ = {
			isa = PBXGroup;
			children = (
				B8704DFD224F0D2400120F8E /* WorkFlowTests.swift */,
				B8704DFF224F0D2400120F8E /* Info.plist */,
			);
			path = WorkFlowTests;
			sourceTree = "<group>";
		};
		C8339A1C94E7E5404DE61FF8 /* Frameworks */ = {
			isa = PBXGroup;
			children = (
				E71305CC22090A5B3EB26226 /* Pods_WorkFlow.framework */,
				2E6A85F41BF9CEA22DB51340 /* Pods_WorkFlowTests.framework */,
			);
			name = Frameworks;
			sourceTree = "<group>";
		};
		E55702769BA565ABB99CCFEE /* Pods */ = {
			isa = PBXGroup;
			children = (
				F61759E38B679B79304864DD /* Pods-WorkFlow.debug.xcconfig */,
				056EC21AFC3DF7B6ABC4DAA6 /* Pods-WorkFlow.release.xcconfig */,
				13423F36C304D0242F57688F /* Pods-WorkFlowTests.debug.xcconfig */,
				157E903F0870625C6C95B2BA /* Pods-WorkFlowTests.release.xcconfig */,
			);
			name = Pods;
			path = Pods;
			sourceTree = "<group>";
		};
/* End PBXGroup section */

/* Begin PBXNativeTarget section */
		B8704DE4224F0D2300120F8E /* WorkFlow */ = {
			isa = PBXNativeTarget;
			buildConfigurationList = B8704E02224F0D2400120F8E /* Build configuration list for PBXNativeTarget "WorkFlow" */;
			buildPhases = (
				B13EF595B926AA4E4B8FF60E /* [CP] Check Pods Manifest.lock */,
				B8704DE1224F0D2300120F8E /* Sources */,
				B8704DE2224F0D2300120F8E /* Frameworks */,
				B8704DE3224F0D2300120F8E /* Resources */,
				8CB472CE0450E30ECB2F6998 /* [CP] Embed Pods Frameworks */,
			);
			buildRules = (
			);
			dependencies = (
			);
			name = WorkFlow;
			productName = WorkFlow;
			productReference = B8704DE5224F0D2300120F8E /* WorkFlow.app */;
			productType = "com.apple.product-type.application";
		};
		B8704DF8224F0D2400120F8E /* WorkFlowTests */ = {
			isa = PBXNativeTarget;
			buildConfigurationList = B8704E05224F0D2400120F8E /* Build configuration list for PBXNativeTarget "WorkFlowTests" */;
			buildPhases = (
				3F473FB2B528DDDC9024A05B /* [CP] Check Pods Manifest.lock */,
				B8704DF5224F0D2400120F8E /* Sources */,
				B8704DF6224F0D2400120F8E /* Frameworks */,
				B8704DF7224F0D2400120F8E /* Resources */,
			);
			buildRules = (
			);
			dependencies = (
				B8704DFB224F0D2400120F8E /* PBXTargetDependency */,
			);
			name = WorkFlowTests;
			productName = WorkFlowTests;
			productReference = B8704DF9224F0D2400120F8E /* WorkFlowTests.xctest */;
			productType = "com.apple.product-type.bundle.unit-test";
		};
/* End PBXNativeTarget section */

/* Begin PBXProject section */
		B8704DDD224F0D2300120F8E /* Project object */ = {
			isa = PBXProject;
			attributes = {
				LastSwiftUpdateCheck = 1020;
				LastUpgradeCheck = 1020;
				ORGANIZATIONNAME = Coder.flower;
				TargetAttributes = {
					B8704DE4224F0D2300120F8E = {
						CreatedOnToolsVersion = 10.2;
					};
					B8704DF8224F0D2400120F8E = {
						CreatedOnToolsVersion = 10.2;
						TestTargetID = B8704DE4224F0D2300120F8E;
					};
				};
			};
			buildConfigurationList = B8704DE0224F0D2300120F8E /* Build configuration list for PBXProject "WorkFlow" */;
			compatibilityVersion = "Xcode 9.3";
			developmentRegion = en;
			hasScannedForEncodings = 0;
			knownRegions = (
				en,
				Base,
			);
			mainGroup = B8704DDC224F0D2300120F8E;
			productRefGroup = B8704DE6224F0D2300120F8E /* Products */;
			projectDirPath = "";
			projectRoot = "";
			targets = (
				B8704DE4224F0D2300120F8E /* WorkFlow */,
				B8704DF8224F0D2400120F8E /* WorkFlowTests */,
			);
		};
/* End PBXProject section */

/* Begin PBXResourcesBuildPhase section */
		B8704DE3224F0D2300120F8E /* Resources */ = {
			isa = PBXResourcesBuildPhase;
			buildActionMask = 2147483647;
			files = (
				B8704DF3224F0D2400120F8E /* LaunchScreen.storyboard in Resources */,
				B8704DF0224F0D2400120F8E /* Assets.xcassets in Resources */,
				B8704DEE224F0D2300120F8E /* Main.storyboard in Resources */,
			);
			runOnlyForDeploymentPostprocessing = 0;
		};
		B8704DF7224F0D2400120F8E /* Resources */ = {
			isa = PBXResourcesBuildPhase;
			buildActionMask = 2147483647;
			files = (
			);
			runOnlyForDeploymentPostprocessing = 0;
		};
/* End PBXResourcesBuildPhase section */

/* Begin PBXShellScriptBuildPhase section */
		3F473FB2B528DDDC9024A05B /* [CP] Check Pods Manifest.lock */ = {
			isa = PBXShellScriptBuildPhase;
			buildActionMask = 2147483647;
			files = (
			);
			inputFileListPaths = (
			);
			inputPaths = (
				"${PODS_PODFILE_DIR_PATH}/Podfile.lock",
				"${PODS_ROOT}/Manifest.lock",
			);
			name = "[CP] Check Pods Manifest.lock";
			outputFileListPaths = (
			);
			outputPaths = (
				"$(DERIVED_FILE_DIR)/Pods-WorkFlowTests-checkManifestLockResult.txt",
			);
			runOnlyForDeploymentPostprocessing = 0;
			shellPath = /bin/sh;
			shellScript = "diff \"${PODS_PODFILE_DIR_PATH}/Podfile.lock\" \"${PODS_ROOT}/Manifest.lock\" > /dev/null\nif [ $? != 0 ] ; then\n    # print error to STDERR\n    echo \"error: The sandbox is not in sync with the Podfile.lock. Run 'pod install' or update your CocoaPods installation.\" >&2\n    exit 1\nfi\n# This output is used by Xcode 'outputs' to avoid re-running this script phase.\necho \"SUCCESS\" > \"${SCRIPT_OUTPUT_FILE_0}\"\n";
			showEnvVarsInLog = 0;
		};
		8CB472CE0450E30ECB2F6998 /* [CP] Embed Pods Frameworks */ = {
			isa = PBXShellScriptBuildPhase;
			buildActionMask = 2147483647;
			files = (
			);
			inputFileListPaths = (
				"${PODS_ROOT}/Target Support Files/Pods-WorkFlow/Pods-WorkFlow-frameworks-${CONFIGURATION}-input-files.xcfilelist",
			);
			name = "[CP] Embed Pods Frameworks";
			outputFileListPaths = (
				"${PODS_ROOT}/Target Support Files/Pods-WorkFlow/Pods-WorkFlow-frameworks-${CONFIGURATION}-output-files.xcfilelist",
			);
			runOnlyForDeploymentPostprocessing = 0;
			shellPath = /bin/sh;
			shellScript = "\"${PODS_ROOT}/Target Support Files/Pods-WorkFlow/Pods-WorkFlow-frameworks.sh\"\n";
			showEnvVarsInLog = 0;
		};
		B13EF595B926AA4E4B8FF60E /* [CP] Check Pods Manifest.lock */ = {
			isa = PBXShellScriptBuildPhase;
			buildActionMask = 2147483647;
			files = (
			);
			inputFileListPaths = (
			);
			inputPaths = (
				"${PODS_PODFILE_DIR_PATH}/Podfile.lock",
				"${PODS_ROOT}/Manifest.lock",
			);
			name = "[CP] Check Pods Manifest.lock";
			outputFileListPaths = (
			);
			outputPaths = (
				"$(DERIVED_FILE_DIR)/Pods-WorkFlow-checkManifestLockResult.txt",
			);
			runOnlyForDeploymentPostprocessing = 0;
			shellPath = /bin/sh;
			shellScript = "diff \"${PODS_PODFILE_DIR_PATH}/Podfile.lock\" \"${PODS_ROOT}/Manifest.lock\" > /dev/null\nif [ $? != 0 ] ; then\n    # print error to STDERR\n    echo \"error: The sandbox is not in sync with the Podfile.lock. Run 'pod install' or update your CocoaPods installation.\" >&2\n    exit 1\nfi\n# This output is used by Xcode 'outputs' to avoid re-running this script phase.\necho \"SUCCESS\" > \"${SCRIPT_OUTPUT_FILE_0}\"\n";
			showEnvVarsInLog = 0;
		};
/* End PBXShellScriptBuildPhase section */

/* Begin PBXSourcesBuildPhase section */
		B8704DE1224F0D2300120F8E /* Sources */ = {
			isa = PBXSourcesBuildPhase;
			buildActionMask = 2147483647;
			files = (
				B8704DEB224F0D2300120F8E /* ViewController.swift in Sources */,
				B8704DE9224F0D2300120F8E /* AppDelegate.swift in Sources */,
			);
			runOnlyForDeploymentPostprocessing = 0;
		};
		B8704DF5224F0D2400120F8E /* Sources */ = {
			isa = PBXSourcesBuildPhase;
			buildActionMask = 2147483647;
			files = (
				B8704DFE224F0D2400120F8E /* WorkFlowTests.swift in Sources */,
			);
			runOnlyForDeploymentPostprocessing = 0;
		};
/* End PBXSourcesBuildPhase section */

/* Begin PBXTargetDependency section */
		B8704DFB224F0D2400120F8E /* PBXTargetDependency */ = {
			isa = PBXTargetDependency;
			target = B8704DE4224F0D2300120F8E /* WorkFlow */;
			targetProxy = B8704DFA224F0D2400120F8E /* PBXContainerItemProxy */;
		};
/* End PBXTargetDependency section */

/* Begin PBXVariantGroup section */
		B8704DEC224F0D2300120F8E /* Main.storyboard */ = {
			isa = PBXVariantGroup;
			children = (
				B8704DED224F0D2300120F8E /* Base */,
			);
			name = Main.storyboard;
			sourceTree = "<group>";
		};
		B8704DF1224F0D2400120F8E /* LaunchScreen.storyboard */ = {
			isa = PBXVariantGroup;
			children = (
				B8704DF2224F0D2400120F8E /* Base */,
			);
			name = LaunchScreen.storyboard;
			sourceTree = "<group>";
		};
/* End PBXVariantGroup section */

/* Begin XCBuildConfiguration section */
		B8704E00224F0D2400120F8E /* Debug */ = {
			isa = XCBuildConfiguration;
			buildSettings = {
				ALWAYS_SEARCH_USER_PATHS = NO;
				CLANG_ANALYZER_NONNULL = YES;
				CLANG_ANALYZER_NUMBER_OBJECT_CONVERSION = YES_AGGRESSIVE;
				CLANG_CXX_LANGUAGE_STANDARD = "gnu++14";
				CLANG_CXX_LIBRARY = "libc++";
				CLANG_ENABLE_MODULES = YES;
				CLANG_ENABLE_OBJC_ARC = YES;
				CLANG_ENABLE_OBJC_WEAK = YES;
				CLANG_WARN_BLOCK_CAPTURE_AUTORELEASING = YES;
				CLANG_WARN_BOOL_CONVERSION = YES;
				CLANG_WARN_COMMA = YES;
				CLANG_WARN_CONSTANT_CONVERSION = YES;
				CLANG_WARN_DEPRECATED_OBJC_IMPLEMENTATIONS = YES;
				CLANG_WARN_DIRECT_OBJC_ISA_USAGE = YES_ERROR;
				CLANG_WARN_DOCUMENTATION_COMMENTS = YES;
				CLANG_WARN_EMPTY_BODY = YES;
				CLANG_WARN_ENUM_CONVERSION = YES;
				CLANG_WARN_INFINITE_RECURSION = YES;
				CLANG_WARN_INT_CONVERSION = YES;
				CLANG_WARN_NON_LITERAL_NULL_CONVERSION = YES;
				CLANG_WARN_OBJC_IMPLICIT_RETAIN_SELF = YES;
				CLANG_WARN_OBJC_LITERAL_CONVERSION = YES;
				CLANG_WARN_OBJC_ROOT_CLASS = YES_ERROR;
				CLANG_WARN_RANGE_LOOP_ANALYSIS = YES;
				CLANG_WARN_STRICT_PROTOTYPES = YES;
				CLANG_WARN_SUSPICIOUS_MOVE = YES;
				CLANG_WARN_UNGUARDED_AVAILABILITY = YES_AGGRESSIVE;
				CLANG_WARN_UNREACHABLE_CODE = YES;
				CLANG_WARN__DUPLICATE_METHOD_MATCH = YES;
				CODE_SIGN_IDENTITY = "iPhone Developer";
				COPY_PHASE_STRIP = NO;
				DEBUG_INFORMATION_FORMAT = dwarf;
				ENABLE_STRICT_OBJC_MSGSEND = YES;
				ENABLE_TESTABILITY = YES;
				GCC_C_LANGUAGE_STANDARD = gnu11;
				GCC_DYNAMIC_NO_PIC = NO;
				GCC_NO_COMMON_BLOCKS = YES;
				GCC_OPTIMIZATION_LEVEL = 0;
				GCC_PREPROCESSOR_DEFINITIONS = (
					"DEBUG=1",
					"$(inherited)",
				);
				GCC_WARN_64_TO_32_BIT_CONVERSION = YES;
				GCC_WARN_ABOUT_RETURN_TYPE = YES_ERROR;
				GCC_WARN_UNDECLARED_SELECTOR = YES;
				GCC_WARN_UNINITIALIZED_AUTOS = YES_AGGRESSIVE;
				GCC_WARN_UNUSED_FUNCTION = YES;
				GCC_WARN_UNUSED_VARIABLE = YES;
				IPHONEOS_DEPLOYMENT_TARGET = 12.2;
				MTL_ENABLE_DEBUG_INFO = INCLUDE_SOURCE;
				MTL_FAST_MATH = YES;
				ONLY_ACTIVE_ARCH = YES;
				SDKROOT = iphoneos;
				SWIFT_ACTIVE_COMPILATION_CONDITIONS = DEBUG;
				SWIFT_OPTIMIZATION_LEVEL = "-Onone";
			};
			name = Debug;
		};
		B8704E01224F0D2400120F8E /* Release */ = {
			isa = XCBuildConfiguration;
			buildSettings = {
				ALWAYS_SEARCH_USER_PATHS = NO;
				CLANG_ANALYZER_NONNULL = YES;
				CLANG_ANALYZER_NUMBER_OBJECT_CONVERSION = YES_AGGRESSIVE;
				CLANG_CXX_LANGUAGE_STANDARD = "gnu++14";
				CLANG_CXX_LIBRARY = "libc++";
				CLANG_ENABLE_MODULES = YES;
				CLANG_ENABLE_OBJC_ARC = YES;
				CLANG_ENABLE_OBJC_WEAK = YES;
				CLANG_WARN_BLOCK_CAPTURE_AUTORELEASING = YES;
				CLANG_WARN_BOOL_CONVERSION = YES;
				CLANG_WARN_COMMA = YES;
				CLANG_WARN_CONSTANT_CONVERSION = YES;
				CLANG_WARN_DEPRECATED_OBJC_IMPLEMENTATIONS = YES;
				CLANG_WARN_DIRECT_OBJC_ISA_USAGE = YES_ERROR;
				CLANG_WARN_DOCUMENTATION_COMMENTS = YES;
				CLANG_WARN_EMPTY_BODY = YES;
				CLANG_WARN_ENUM_CONVERSION = YES;
				CLANG_WARN_INFINITE_RECURSION = YES;
				CLANG_WARN_INT_CONVERSION = YES;
				CLANG_WARN_NON_LITERAL_NULL_CONVERSION = YES;
				CLANG_WARN_OBJC_IMPLICIT_RETAIN_SELF = YES;
				CLANG_WARN_OBJC_LITERAL_CONVERSION = YES;
				CLANG_WARN_OBJC_ROOT_CLASS = YES_ERROR;
				CLANG_WARN_RANGE_LOOP_ANALYSIS = YES;
				CLANG_WARN_STRICT_PROTOTYPES = YES;
				CLANG_WARN_SUSPICIOUS_MOVE = YES;
				CLANG_WARN_UNGUARDED_AVAILABILITY = YES_AGGRESSIVE;
				CLANG_WARN_UNREACHABLE_CODE = YES;
				CLANG_WARN__DUPLICATE_METHOD_MATCH = YES;
				CODE_SIGN_IDENTITY = "iPhone Developer";
				COPY_PHASE_STRIP = NO;
				DEBUG_INFORMATION_FORMAT = "dwarf-with-dsym";
				ENABLE_NS_ASSERTIONS = NO;
				ENABLE_STRICT_OBJC_MSGSEND = YES;
				GCC_C_LANGUAGE_STANDARD = gnu11;
				GCC_NO_COMMON_BLOCKS = YES;
				GCC_WARN_64_TO_32_BIT_CONVERSION = YES;
				GCC_WARN_ABOUT_RETURN_TYPE = YES_ERROR;
				GCC_WARN_UNDECLARED_SELECTOR = YES;
				GCC_WARN_UNINITIALIZED_AUTOS = YES_AGGRESSIVE;
				GCC_WARN_UNUSED_FUNCTION = YES;
				GCC_WARN_UNUSED_VARIABLE = YES;
				IPHONEOS_DEPLOYMENT_TARGET = 12.2;
				MTL_ENABLE_DEBUG_INFO = NO;
				MTL_FAST_MATH = YES;
				SDKROOT = iphoneos;
				SWIFT_COMPILATION_MODE = wholemodule;
				SWIFT_OPTIMIZATION_LEVEL = "-O";
				VALIDATE_PRODUCT = YES;
			};
			name = Release;
		};
		B8704E03224F0D2400120F8E /* Debug */ = {
			isa = XCBuildConfiguration;
			baseConfigurationReference = F61759E38B679B79304864DD /* Pods-WorkFlow.debug.xcconfig */;
			buildSettings = {
				ASSETCATALOG_COMPILER_APPICON_NAME = AppIcon;
				CODE_SIGN_STYLE = Automatic;
				DEVELOPMENT_TEAM = JVF4WB423W;
				INFOPLIST_FILE = WorkFlow/Info.plist;
				LD_RUNPATH_SEARCH_PATHS = (
					"$(inherited)",
					"@executable_path/Frameworks",
				);
				PRODUCT_BUNDLE_IDENTIFIER = com.caiflower.WorkFlow;
				PRODUCT_NAME = "$(TARGET_NAME)";
				SWIFT_VERSION = 5.0;
				TARGETED_DEVICE_FAMILY = "1,2";
			};
			name = Debug;
		};
		B8704E04224F0D2400120F8E /* Release */ = {
			isa = XCBuildConfiguration;
			baseConfigurationReference = 056EC21AFC3DF7B6ABC4DAA6 /* Pods-WorkFlow.release.xcconfig */;
			buildSettings = {
				ASSETCATALOG_COMPILER_APPICON_NAME = AppIcon;
				CODE_SIGN_STYLE = Automatic;
				DEVELOPMENT_TEAM = JVF4WB423W;
				INFOPLIST_FILE = WorkFlow/Info.plist;
				LD_RUNPATH_SEARCH_PATHS = (
					"$(inherited)",
					"@executable_path/Frameworks",
				);
				PRODUCT_BUNDLE_IDENTIFIER = com.caiflower.WorkFlow;
				PRODUCT_NAME = "$(TARGET_NAME)";
				SWIFT_VERSION = 5.0;
				TARGETED_DEVICE_FAMILY = "1,2";
			};
			name = Release;
		};
		B8704E06224F0D2400120F8E /* Debug */ = {
			isa = XCBuildConfiguration;
			baseConfigurationReference = 13423F36C304D0242F57688F /* Pods-WorkFlowTests.debug.xcconfig */;
			buildSettings = {
				ALWAYS_EMBED_SWIFT_STANDARD_LIBRARIES = YES;
				BUNDLE_LOADER = "$(TEST_HOST)";
				CODE_SIGN_STYLE = Automatic;
				DEVELOPMENT_TEAM = JVF4WB423W;
				INFOPLIST_FILE = WorkFlowTests/Info.plist;
				LD_RUNPATH_SEARCH_PATHS = (
					"$(inherited)",
					"@executable_path/Frameworks",
					"@loader_path/Frameworks",
				);
				PRODUCT_BUNDLE_IDENTIFIER = com.caiflower.WorkFlowTests;
				PRODUCT_NAME = "$(TARGET_NAME)";
				SWIFT_VERSION = 5.0;
				TARGETED_DEVICE_FAMILY = "1,2";
				TEST_HOST = "$(BUILT_PRODUCTS_DIR)/WorkFlow.app/WorkFlow";
			};
			name = Debug;
		};
		B8704E07224F0D2400120F8E /* Release */ = {
			isa = XCBuildConfiguration;
			baseConfigurationReference = 157E903F0870625C6C95B2BA /* Pods-WorkFlowTests.release.xcconfig */;
			buildSettings = {
				ALWAYS_EMBED_SWIFT_STANDARD_LIBRARIES = YES;
				BUNDLE_LOADER = "$(TEST_HOST)";
				CODE_SIGN_STYLE = Automatic;
				DEVELOPMENT_TEAM = JVF4WB423W;
				INFOPLIST_FILE = WorkFlowTests/Info.plist;
				LD_RUNPATH_SEARCH_PATHS = (
					"$(inherited)",
					"@executable_path/Frameworks",
					"@loader_path/Frameworks",
				);
				PRODUCT_BUNDLE_IDENTIFIER = com.caiflower.WorkFlowTests;
				PRODUCT_NAME = "$(TARGET_NAME)";
				SWIFT_VERSION = 5.0;
				TARGETED_DEVICE_FAMILY = "1,2";
				TEST_HOST = "$(BUILT_PRODUCTS_DIR)/WorkFlow.app/WorkFlow";
			};
			name = Release;
		};
/* End XCBuildConfiguration section */

/* Begin XCConfigurationList section */
		B8704DE0224F0D2300120F8E /* Build configuration list for PBXProject "WorkFlow" */ = {
			isa = XCConfigurationList;
			buildConfigurations = (
				B8704E00224F0D2400120F8E /* Debug */,
				B8704E01224F0D2400120F8E /* Release */,
			);
			defaultConfigurationIsVisible = 0;
			defaultConfigurationName = Release;
		};
		B8704E02224F0D2400120F8E /* Build configuration list for PBXNativeTarget "WorkFlow" */ = {
			isa = XCConfigurationList;
			buildConfigurations = (
				B8704E03224F0D2400120F8E /* Debug */,
				B8704E04224F0D2400120F8E /* Release */,
			);
			defaultConfigurationIsVisible = 0;
			defaultConfigurationName = Release;
		};
		B8704E05224F0D2400120F8E /* Build configuration list for PBXNativeTarget "WorkFlowTests" */ = {
			isa = XCConfigurationList;
			buildConfigurations = (
				B8704E06224F0D2400120F8E /* Debug */,
				B8704E07224F0D2400120F8E /* Release */,
			);
			defaultConfigurationIsVisible = 0;
			defaultConfigurationName = Release;
		};
/* End XCConfigurationList section */
	};
	rootObject = B8704DDD224F0D2300120F8E /* Project object */;
}
